
Microsoft Visual Studio Solution File, Format Version 11.00
# Visual Studio 2010
Project("{2150E333-8FDC-42A3-9474-1A3956D46DE8}") = "Tamu", "Tamu", "{5B1D21D3-D044-4FE6-B931-ECD274F4263A}"
EndProject
Project("{2150E333-8FDC-42A3-9474-1A3956D46DE8}") = "GeoInnovation", "GeoInnovation", "{BEC77F92-E25A-4795-875F-22D26F8A9D80}"
EndProject
Project("{2150E333-8FDC-42A3-9474-1A3956D46DE8}") = "Common", "Common", "{56568CBC-D9E0-4198-A8A1-E5EE9D6EBEA9}"
EndProject
Project("{2150E333-8FDC-42A3-9474-1A3956D46DE8}") = "AddressProcessing", "AddressProcessing", "{1B798D63-F90D-4A6E-A6C2-4C6A5A1A6C54}"
EndProject
Project("{2150E333-8FDC-42A3-9474-1A3956D46DE8}") = "Core", "Core", "{BC3B4ABA-1A5F-47BA-B2F3-8A4F52DC8064}"
EndProject
Project("{2150E333-8FDC-42A3-9474-1A3956D46DE8}") = "Routing", "Routing", "{7631D781-FCA9-42CF-9EB7-D0BD5F6E7636}"
EndProject
Project("{2150E333-8FDC-42A3-9474-1A3956D46DE8}") = "Core", "Core", "{7789B3C9-81EA-4861-8855-2F9475E4EBA2}"
EndProject
Project("{2150E333-8FDC-42A3-9474-1A3956D46DE8}") = "ShortestPath", "ShortestPath", "{6872532A-54D5-46A6-8BB5-A76447AD7FA7}"
EndProject
Project("{2150E333-8FDC-42A3-9474-1A3956D46DE8}") = "Core", "Core", "{E94E7DE7-B508-4B4B-8A03-61FE7104459C}"
EndProject
Project("{FAE04EC0-301F-11D3-BF4B-00C04F79EFBC}") = "ShortestPath.Core", "src\ShortestPath.Core.csproj", "{6962A6B3-1CFE-4C2F-8353-B8FE1D58C175}"
EndProject
Global
	GlobalSection(SolutionConfigurationPlatforms) = preSolution
		Debug|Any CPU = Debug|Any CPU
		Debug|x86 = Debug|x86
		Release|Any CPU = Release|Any CPU
		Release|x86 = Release|x86
	EndGlobalSection
	GlobalSection(ProjectConfigurationPlatforms) = postSolution
		{6962A6B3-1CFE-4C2F-8353-B8FE1D58C175}.Debug|Any CPU.ActiveCfg = Debug|Any CPU
		{6962A6B3-1CFE-4C2F-8353-B8FE1D58C175}.Debug|Any CPU.Build.0 = Debug|Any CPU
		{6962A6B3-1CFE-4C2F-8353-B8FE1D58C175}.Debug|x86.ActiveCfg = Debug|x86
		{6962A6B3-1CFE-4C2F-8353-B8FE1D58C175}.Debug|x86.Build.0 = Debug|x86
		{6962A6B3-1CFE-4C2F-8353-B8FE1D58C175}.Release|Any CPU.ActiveCfg = Release|Any CPU
		{6962A6B3-1CFE-4C2F-8353-B8FE1D58C175}.Release|Any CPU.Build.0 = Release|Any CPU
		{6962A6B3-1CFE-4C2F-8353-B8FE1D58C175}.Release|x86.ActiveCfg = Release|x86
		{6962A6B3-1CFE-4C2F-8353-B8FE1D58C175}.Release|x86.Build.0 = Release|x86
	EndGlobalSection
	GlobalSection(SolutionProperties) = preSolution
		HideSolutionNode = FALSE
	EndGlobalSection
	GlobalSection(NestedProjects) = preSolution
		{BEC77F92-E25A-4795-875F-22D26F8A9D80} = {5B1D21D3-D044-4FE6-B931-ECD274F4263A}
		{56568CBC-D9E0-4198-A8A1-E5EE9D6EBEA9} = {BEC77F92-E25A-4795-875F-22D26F8A9D80}
		{1B798D63-F90D-4A6E-A6C2-4C6A5A1A6C54} = {BEC77F92-E25A-4795-875F-22D26F8A9D80}
		{7631D781-FCA9-42CF-9EB7-D0BD5F6E7636} = {BEC77F92-E25A-4795-875F-22D26F8A9D80}
		{6872532A-54D5-46A6-8BB5-A76447AD7FA7} = {BEC77F92-E25A-4795-875F-22D26F8A9D80}
		{BC3B4ABA-1A5F-47BA-B2F3-8A4F52DC8064} = {1B798D63-F90D-4A6E-A6C2-4C6A5A1A6C54}
		{7789B3C9-81EA-4861-8855-2F9475E4EBA2} = {7631D781-FCA9-42CF-9EB7-D0BD5F6E7636}
		{E94E7DE7-B508-4B4B-8A03-61FE7104459C} = {6872532A-54D5-46A6-8BB5-A76447AD7FA7}
		{6962A6B3-1CFE-4C2F-8353-B8FE1D58C175} = {E94E7DE7-B508-4B4B-8A03-61FE7104459C}
	EndGlobalSection
EndGlobal
